// !$*UTF8*$!
{
	archiveVersion = 1;
	classes = {
	};
	objectVersion = 55;
	objects = {

/* Begin PBXBuildFile section */
		7FE452792CE897FB0084DC60 /* STDevPlayViewController.xib in Resources */ = {isa = PBXBuildFile; fileRef = 7FE452782CE897FB0084DC60 /* STDevPlayViewController.xib */; };
		7FE4527A2CE897FB0084DC60 /* STDevPlayViewController.swift in Sources */ = {isa = PBXBuildFile; fileRef = 7FE452772CE897FB0084DC60 /* STDevPlayViewController.swift */; };
		B0E3B6D3D78868A1A5D52BB5 /* Pods_STAccessoryManager_Example.framework in Frameworks */ = {isa = PBXBuildFile; fileRef = DF4B01AB9B55C3E6F0460A05 /* Pods_STAccessoryManager_Example.framework */; };
		FDDD8566299DED6500EAB62E /* AppDelegate.swift in Sources */ = {isa = PBXBuildFile; fileRef = FDDD8565299DED6500EAB62E /* AppDelegate.swift */; };
		FDDD856A299DED6500EAB62E /* ViewController.swift in Sources */ = {isa = PBXBuildFile; fileRef = FDDD8569299DED6500EAB62E /* ViewController.swift */; };
		FDDD856D299DED6500EAB62E /* Main.storyboard in Resources */ = {isa = PBXBuildFile; fileRef = FDDD856B299DED6500EAB62E /* Main.storyboard */; };
		FDDD856F299DED6600EAB62E /* Assets.xcassets in Resources */ = {isa = PBXBuildFile; fileRef = FDDD856E299DED6600EAB62E /* Assets.xcassets */; };
		FDDD8572299DED6600EAB62E /* LaunchScreen.storyboard in Resources */ = {isa = PBXBuildFile; fileRef = FDDD8570299DED6600EAB62E /* LaunchScreen.storyboard */; };
/* End PBXBuildFile section */

/* Begin PBXFileReference section */
		55E97C9A08AF44D7EACF743C /* Pods-STAccessoryManager_Example.debug.xcconfig */ = {isa = PBXFileReference; includeInIndex = 1; lastKnownFileType = text.xcconfig; name = "Pods-STAccessoryManager_Example.debug.xcconfig"; path = "Target Support Files/Pods-STAccessoryManager_Example/Pods-STAccessoryManager_Example.debug.xcconfig"; sourceTree = "<group>"; };
		69BEA441E112E4D2A703881B /* Pods-STAccessoryManager_Example.release.xcconfig */ = {isa = PBXFileReference; includeInIndex = 1; lastKnownFileType = text.xcconfig; name = "Pods-STAccessoryManager_Example.release.xcconfig"; path = "Target Support Files/Pods-STAccessoryManager_Example/Pods-STAccessoryManager_Example.release.xcconfig"; sourceTree = "<group>"; };
		7FE452772CE897FB0084DC60 /* STDevPlayViewController.swift */ = {isa = PBXFileReference; lastKnownFileType = sourcecode.swift; path = STDevPlayViewController.swift; sourceTree = "<group>"; };
		7FE452782CE897FB0084DC60 /* STDevPlayViewController.xib */ = {isa = PBXFileReference; lastKnownFileType = file.xib; path = STDevPlayViewController.xib; sourceTree = "<group>"; };
		DF4B01AB9B55C3E6F0460A05 /* Pods_STAccessoryManager_Example.framework */ = {isa = PBXFileReference; explicitFileType = wrapper.framework; includeInIndex = 0; path = Pods_STAccessoryManager_Example.framework; sourceTree = BUILT_PRODUCTS_DIR; };
		FDDD8562299DED6500EAB62E /* STAccessoryManager_Example.app */ = {isa = PBXFileReference; explicitFileType = wrapper.application; includeInIndex = 0; path = STAccessoryManager_Example.app; sourceTree = BUILT_PRODUCTS_DIR; };
		FDDD8565299DED6500EAB62E /* AppDelegate.swift */ = {isa = PBXFileReference; lastKnownFileType = sourcecode.swift; path = AppDelegate.swift; sourceTree = "<group>"; };
		FDDD8569299DED6500EAB62E /* ViewController.swift */ = {isa = PBXFileReference; lastKnownFileType = sourcecode.swift; path = ViewController.swift; sourceTree = "<group>"; };
		FDDD856C299DED6500EAB62E /* Base */ = {isa = PBXFileReference; lastKnownFileType = file.storyboard; name = Base; path = Base.lproj/Main.storyboard; sourceTree = "<group>"; };
		FDDD856E299DED6600EAB62E /* Assets.xcassets */ = {isa = PBXFileReference; lastKnownFileType = folder.assetcatalog; path = Assets.xcassets; sourceTree = "<group>"; };
		FDDD8571299DED6600EAB62E /* Base */ = {isa = PBXFileReference; lastKnownFileType = file.storyboard; name = Base; path = Base.lproj/LaunchScreen.storyboard; sourceTree = "<group>"; };
		FDDD8573299DED6600EAB62E /* Info.plist */ = {isa = PBXFileReference; lastKnownFileType = text.plist.xml; path = Info.plist; sourceTree = "<group>"; };
/* End PBXFileReference section */

/* Begin PBXFrameworksBuildPhase section */
		FDDD855F299DED6500EAB62E /* Frameworks */ = {
			isa = PBXFrameworksBuildPhase;
			buildActionMask = 2147483647;
			files = (
				B0E3B6D3D78868A1A5D52BB5 /* Pods_STAccessoryManager_Example.framework in Frameworks */,
			);
			runOnlyForDeploymentPostprocessing = 0;
		};
/* End PBXFrameworksBuildPhase section */

/* Begin PBXGroup section */
		5923A490919D6A6B457DC651 /* Pods */ = {
			isa = PBXGroup;
			children = (
				55E97C9A08AF44D7EACF743C /* Pods-STAccessoryManager_Example.debug.xcconfig */,
				69BEA441E112E4D2A703881B /* Pods-STAccessoryManager_Example.release.xcconfig */,
			);
			path = Pods;
			sourceTree = "<group>";
		};
		E6A51BC864FFCB44AB73D76B /* Frameworks */ = {
			isa = PBXGroup;
			children = (
				DF4B01AB9B55C3E6F0460A05 /* Pods_STAccessoryManager_Example.framework */,
			);
			name = Frameworks;
			sourceTree = "<group>";
		};
		FDDD8559299DED6500EAB62E = {
			isa = PBXGroup;
			children = (
				FDDD8564299DED6500EAB62E /* STAccessoryManager_Example */,
				FDDD8563299DED6500EAB62E /* Products */,
				5923A490919D6A6B457DC651 /* Pods */,
				E6A51BC864FFCB44AB73D76B /* Frameworks */,
			);
			sourceTree = "<group>";
		};
		FDDD8563299DED6500EAB62E /* Products */ = {
			isa = PBXGroup;
			children = (
				FDDD8562299DED6500EAB62E /* STAccessoryManager_Example.app */,
			);
			name = Products;
			sourceTree = "<group>";
		};
		FDDD8564299DED6500EAB62E /* STAccessoryManager_Example */ = {
			isa = PBXGroup;
			children = (
				FDDD8565299DED6500EAB62E /* AppDelegate.swift */,
				FDDD8569299DED6500EAB62E /* ViewController.swift */,
				7FE452772CE897FB0084DC60 /* STDevPlayViewController.swift */,
				7FE452782CE897FB0084DC60 /* STDevPlayViewController.xib */,
				FDDD856B299DED6500EAB62E /* Main.storyboard */,
				FDDD856E299DED6600EAB62E /* Assets.xcassets */,
				FDDD8570299DED6600EAB62E /* LaunchScreen.storyboard */,
				FDDD8573299DED6600EAB62E /* Info.plist */,
			);
			path = STAccessoryManager_Example;
			sourceTree = "<group>";
		};
/* End PBXGroup section */

/* Begin PBXNativeTarget section */
		FDDD8561299DED6500EAB62E /* STAccessoryManager_Example */ = {
			isa = PBXNativeTarget;
			buildConfigurationList = FDDD8576299DED6600EAB62E /* Build configuration list for PBXNativeTarget "STAccessoryManager_Example" */;
			buildPhases = (
				20C4A24CDD046B604CBC6204 /* [CP] Check Pods Manifest.lock */,
				FDDD855E299DED6500EAB62E /* Sources */,
				FDDD855F299DED6500EAB62E /* Frameworks */,
				FDDD8560299DED6500EAB62E /* Resources */,
				D1FA18F7DB53236C93EEB0DB /* [CP] Copy Pods Resources */,
			);
			buildRules = (
			);
			dependencies = (
			);
			name = STAccessoryManager_Example;
			productName = STAccessoryManager_Example;
			productReference = FDDD8562299DED6500EAB62E /* STAccessoryManager_Example.app */;
			productType = "com.apple.product-type.application";
		};
/* End PBXNativeTarget section */

/* Begin PBXProject section */
		FDDD855A299DED6500EAB62E /* Project object */ = {
			isa = PBXProject;
			attributes = {
				BuildIndependentTargetsInParallel = 1;
				CLASSPREFIX = ST;
				LastSwiftUpdateCheck = 1410;
				LastUpgradeCheck = 1410;
				TargetAttributes = {
					FDDD8561299DED6500EAB62E = {
						CreatedOnToolsVersion = 14.1;
					};
				};
			};
			buildConfigurationList = FDDD855D299DED6500EAB62E /* Build configuration list for PBXProject "STAccessoryManager_Example" */;
			compatibilityVersion = "Xcode 13.0";
			developmentRegion = en;
			hasScannedForEncodings = 0;
			knownRegions = (
				en,
				Base,
			);
			mainGroup = FDDD8559299DED6500EAB62E;
			productRefGroup = FDDD8563299DED6500EAB62E /* Products */;
			projectDirPath = "";
			projectRoot = "";
			targets = (
				FDDD8561299DED6500EAB62E /* STAccessoryManager_Example */,
			);
		};
/* End PBXProject section */

/* Begin PBXResourcesBuildPhase section */
		FDDD8560299DED6500EAB62E /* Resources */ = {
			isa = PBXResourcesBuildPhase;
			buildActionMask = 2147483647;
			files = (
				FDDD8572299DED6600EAB62E /* LaunchScreen.storyboard in Resources */,
				FDDD856F299DED6600EAB62E /* Assets.xcassets in Resources */,
				FDDD856D299DED6500EAB62E /* Main.storyboard in Resources */,
				7FE452792CE897FB0084DC60 /* STDevPlayViewController.xib in Resources */,
			);
			runOnlyForDeploymentPostprocessing = 0;
		};
/* End PBXResourcesBuildPhase section */

/* Begin PBXShellScriptBuildPhase section */
		20C4A24CDD046B604CBC6204 /* [CP] Check Pods Manifest.lock */ = {
			isa = PBXShellScriptBuildPhase;
			buildActionMask = 2147483647;
			files = (
			);
			inputFileListPaths = (
			);
			inputPaths = (
				"${PODS_PODFILE_DIR_PATH}/Podfile.lock",
				"${PODS_ROOT}/Manifest.lock",
			);
			name = "[CP] Check Pods Manifest.lock";
			outputFileListPaths = (
			);
			outputPaths = (
				"$(DERIVED_FILE_DIR)/Pods-STAccessoryManager_Example-checkManifestLockResult.txt",
			);
			runOnlyForDeploymentPostprocessing = 0;
			shellPath = /bin/sh;
			shellScript = "diff \"${PODS_PODFILE_DIR_PATH}/Podfile.lock\" \"${PODS_ROOT}/Manifest.lock\" > /dev/null\nif [ $? != 0 ] ; then\n    # print error to STDERR\n    echo \"error: The sandbox is not in sync with the Podfile.lock. Run 'pod install' or update your CocoaPods installation.\" >&2\n    exit 1\nfi\n# This output is used by Xcode 'outputs' to avoid re-running this script phase.\necho \"SUCCESS\" > \"${SCRIPT_OUTPUT_FILE_0}\"\n";
			showEnvVarsInLog = 0;
		};
		D1FA18F7DB53236C93EEB0DB /* [CP] Copy Pods Resources */ = {
			isa = PBXShellScriptBuildPhase;
			buildActionMask = 2147483647;
			files = (
			);
			inputFileListPaths = (
				"${PODS_ROOT}/Target Support Files/Pods-STAccessoryManager_Example/Pods-STAccessoryManager_Example-resources-${CONFIGURATION}-input-files.xcfilelist",
			);
			name = "[CP] Copy Pods Resources";
			outputFileListPaths = (
				"${PODS_ROOT}/Target Support Files/Pods-STAccessoryManager_Example/Pods-STAccessoryManager_Example-resources-${CONFIGURATION}-output-files.xcfilelist",
			);
			runOnlyForDeploymentPostprocessing = 0;
			shellPath = /bin/sh;
			shellScript = "\"${PODS_ROOT}/Target Support Files/Pods-STAccessoryManager_Example/Pods-STAccessoryManager_Example-resources.sh\"\n";
			showEnvVarsInLog = 0;
		};
/* End PBXShellScriptBuildPhase section */

/* Begin PBXSourcesBuildPhase section */
		FDDD855E299DED6500EAB62E /* Sources */ = {
			isa = PBXSourcesBuildPhase;
			buildActionMask = 2147483647;
			files = (
				FDDD856A299DED6500EAB62E /* ViewController.swift in Sources */,
				FDDD8566299DED6500EAB62E /* AppDelegate.swift in Sources */,
				7FE4527A2CE897FB0084DC60 /* STDevPlayViewController.swift in Sources */,
			);
			runOnlyForDeploymentPostprocessing = 0;
		};
/* End PBXSourcesBuildPhase section */

/* Begin PBXVariantGroup section */
		FDDD856B299DED6500EAB62E /* Main.storyboard */ = {
			isa = PBXVariantGroup;
			children = (
				FDDD856C299DED6500EAB62E /* Base */,
			);
			name = Main.storyboard;
			sourceTree = "<group>";
		};
		FDDD8570299DED6600EAB62E /* LaunchScreen.storyboard */ = {
			isa = PBXVariantGroup;
			children = (
				FDDD8571299DED6600EAB62E /* Base */,
			);
			name = LaunchScreen.storyboard;
			sourceTree = "<group>";
		};
/* End PBXVariantGroup section */

/* Begin XCBuildConfiguration section */
		FDDD8574299DED6600EAB62E /* Debug */ = {
			isa = XCBuildConfiguration;
			buildSettings = {
				ALWAYS_SEARCH_USER_PATHS = NO;
				CLANG_ANALYZER_NONNULL = YES;
				CLANG_ANALYZER_NUMBER_OBJECT_CONVERSION = YES_AGGRESSIVE;
				CLANG_CXX_LANGUAGE_STANDARD = "gnu++20";
				CLANG_ENABLE_MODULES = YES;
				CLANG_ENABLE_OBJC_ARC = YES;
				CLANG_ENABLE_OBJC_WEAK = YES;
				CLANG_WARN_BLOCK_CAPTURE_AUTORELEASING = YES;
				CLANG_WARN_BOOL_CONVERSION = YES;
				CLANG_WARN_COMMA = YES;
				CLANG_WARN_CONSTANT_CONVERSION = YES;
				CLANG_WARN_DEPRECATED_OBJC_IMPLEMENTATIONS = YES;
				CLANG_WARN_DIRECT_OBJC_ISA_USAGE = YES_ERROR;
				CLANG_WARN_DOCUMENTATION_COMMENTS = YES;
				CLANG_WARN_EMPTY_BODY = YES;
				CLANG_WARN_ENUM_CONVERSION = YES;
				CLANG_WARN_INFINITE_RECURSION = YES;
				CLANG_WARN_INT_CONVERSION = YES;
				CLANG_WARN_NON_LITERAL_NULL_CONVERSION = YES;
				CLANG_WARN_OBJC_IMPLICIT_RETAIN_SELF = YES;
				CLANG_WARN_OBJC_LITERAL_CONVERSION = YES;
				CLANG_WARN_OBJC_ROOT_CLASS = YES_ERROR;
				CLANG_WARN_QUOTED_INCLUDE_IN_FRAMEWORK_HEADER = YES;
				CLANG_WARN_RANGE_LOOP_ANALYSIS = YES;
				CLANG_WARN_STRICT_PROTOTYPES = YES;
				CLANG_WARN_SUSPICIOUS_MOVE = YES;
				CLANG_WARN_UNGUARDED_AVAILABILITY = YES_AGGRESSIVE;
				CLANG_WARN_UNREACHABLE_CODE = YES;
				CLANG_WARN__DUPLICATE_METHOD_MATCH = YES;
				COPY_PHASE_STRIP = NO;
				DEBUG_INFORMATION_FORMAT = dwarf;
				ENABLE_STRICT_OBJC_MSGSEND = YES;
				ENABLE_TESTABILITY = YES;
				GCC_C_LANGUAGE_STANDARD = gnu11;
				GCC_DYNAMIC_NO_PIC = NO;
				GCC_NO_COMMON_BLOCKS = YES;
				GCC_OPTIMIZATION_LEVEL = 0;
				GCC_PREPROCESSOR_DEFINITIONS = (
					"DEBUG=1",
					"$(inherited)",
				);
				GCC_WARN_64_TO_32_BIT_CONVERSION = YES;
				GCC_WARN_ABOUT_RETURN_TYPE = YES_ERROR;
				GCC_WARN_UNDECLARED_SELECTOR = YES;
				GCC_WARN_UNINITIALIZED_AUTOS = YES_AGGRESSIVE;
				GCC_WARN_UNUSED_FUNCTION = YES;
				GCC_WARN_UNUSED_VARIABLE = YES;
				IPHONEOS_DEPLOYMENT_TARGET = 12.0;
				MTL_ENABLE_DEBUG_INFO = INCLUDE_SOURCE;
				MTL_FAST_MATH = YES;
				ONLY_ACTIVE_ARCH = YES;
				SDKROOT = iphoneos;
				SWIFT_ACTIVE_COMPILATION_CONDITIONS = DEBUG;
				SWIFT_OPTIMIZATION_LEVEL = "-Onone";
			};
			name = Debug;
		};
		FDDD8575299DED6600EAB62E /* Release */ = {
			isa = XCBuildConfiguration;
			buildSettings = {
				ALWAYS_SEARCH_USER_PATHS = NO;
				CLANG_ANALYZER_NONNULL = YES;
				CLANG_ANALYZER_NUMBER_OBJECT_CONVERSION = YES_AGGRESSIVE;
				CLANG_CXX_LANGUAGE_STANDARD = "gnu++20";
				CLANG_ENABLE_MODULES = YES;
				CLANG_ENABLE_OBJC_ARC = YES;
				CLANG_ENABLE_OBJC_WEAK = YES;
				CLANG_WARN_BLOCK_CAPTURE_AUTORELEASING = YES;
				CLANG_WARN_BOOL_CONVERSION = YES;
				CLANG_WARN_COMMA = YES;
				CLANG_WARN_CONSTANT_CONVERSION = YES;
				CLANG_WARN_DEPRECATED_OBJC_IMPLEMENTATIONS = YES;
				CLANG_WARN_DIRECT_OBJC_ISA_USAGE = YES_ERROR;
				CLANG_WARN_DOCUMENTATION_COMMENTS = YES;
				CLANG_WARN_EMPTY_BODY = YES;
				CLANG_WARN_ENUM_CONVERSION = YES;
				CLANG_WARN_INFINITE_RECURSION = YES;
				CLANG_WARN_INT_CONVERSION = YES;
				CLANG_WARN_NON_LITERAL_NULL_CONVERSION = YES;
				CLANG_WARN_OBJC_IMPLICIT_RETAIN_SELF = YES;
				CLANG_WARN_OBJC_LITERAL_CONVERSION = YES;
				CLANG_WARN_OBJC_ROOT_CLASS = YES_ERROR;
				CLANG_WARN_QUOTED_INCLUDE_IN_FRAMEWORK_HEADER = YES;
				CLANG_WARN_RANGE_LOOP_ANALYSIS = YES;
				CLANG_WARN_STRICT_PROTOTYPES = YES;
				CLANG_WARN_SUSPICIOUS_MOVE = YES;
				CLANG_WARN_UNGUARDED_AVAILABILITY = YES_AGGRESSIVE;
				CLANG_WARN_UNREACHABLE_CODE = YES;
				CLANG_WARN__DUPLICATE_METHOD_MATCH = YES;
				COPY_PHASE_STRIP = NO;
				DEBUG_INFORMATION_FORMAT = "dwarf-with-dsym";
				ENABLE_NS_ASSERTIONS = NO;
				ENABLE_STRICT_OBJC_MSGSEND = YES;
				GCC_C_LANGUAGE_STANDARD = gnu11;
				GCC_NO_COMMON_BLOCKS = YES;
				GCC_WARN_64_TO_32_BIT_CONVERSION = YES;
				GCC_WARN_ABOUT_RETURN_TYPE = YES_ERROR;
				GCC_WARN_UNDECLARED_SELECTOR = YES;
				GCC_WARN_UNINITIALIZED_AUTOS = YES_AGGRESSIVE;
				GCC_WARN_UNUSED_FUNCTION = YES;
				GCC_WARN_UNUSED_VARIABLE = YES;
				IPHONEOS_DEPLOYMENT_TARGET = 12.0;
				MTL_ENABLE_DEBUG_INFO = NO;
				MTL_FAST_MATH = YES;
				SDKROOT = iphoneos;
				SWIFT_COMPILATION_MODE = wholemodule;
				SWIFT_OPTIMIZATION_LEVEL = "-O";
				VALIDATE_PRODUCT = YES;
			};
			name = Release;
		};
		FDDD8577299DED6600EAB62E /* Debug */ = {
			isa = XCBuildConfiguration;
			baseConfigurationReference = 55E97C9A08AF44D7EACF743C /* Pods-STAccessoryManager_Example.debug.xcconfig */;
			buildSettings = {
				ASSETCATALOG_COMPILER_APPICON_NAME = AppIcon;
				ASSETCATALOG_COMPILER_GLOBAL_ACCENT_COLOR_NAME = AccentColor;
				CODE_SIGN_STYLE = Automatic;
				CURRENT_PROJECT_VERSION = 1;
				DEVELOPMENT_TEAM = BJ3HFBW42L;
				GENERATE_INFOPLIST_FILE = YES;
				INFOPLIST_FILE = STAccessoryManager_Example/Info.plist;
				INFOPLIST_KEY_NSPhotoLibraryAddUsageDescription = "需要访问相册";
				INFOPLIST_KEY_UIApplicationSupportsIndirectInputEvents = YES;
				INFOPLIST_KEY_UILaunchStoryboardName = LaunchScreen;
				INFOPLIST_KEY_UIMainStoryboardFile = Main;
				INFOPLIST_KEY_UISupportedInterfaceOrientations_iPad = "UIInterfaceOrientationPortrait UIInterfaceOrientationPortraitUpsideDown UIInterfaceOrientationLandscapeLeft UIInterfaceOrientationLandscapeRight";
				INFOPLIST_KEY_UISupportedInterfaceOrientations_iPhone = "UIInterfaceOrientationPortrait UIInterfaceOrientationLandscapeLeft UIInterfaceOrientationLandscapeRight";
				INFOPLIST_KEY_UIUserInterfaceStyle = Light;
				LD_RUNPATH_SEARCH_PATHS = (
					"$(inherited)",
					"@executable_path/Frameworks",
				);
				MARKETING_VERSION = 1.0;
				PRODUCT_BUNDLE_IDENTIFIER = "yk.STAccessoryManager-Example.st";
				PRODUCT_NAME = "$(TARGET_NAME)";
				SWIFT_EMIT_LOC_STRINGS = YES;
				SWIFT_VERSION = 5.0;
				TARGETED_DEVICE_FAMILY = "1,2";
			};
			name = Debug;
		};
		FDDD8578299DED6600EAB62E /* Release */ = {
			isa = XCBuildConfiguration;
			baseConfigurationReference = 69BEA441E112E4D2A703881B /* Pods-STAccessoryManager_Example.release.xcconfig */;
			buildSettings = {
				ASSETCATALOG_COMPILER_APPICON_NAME = AppIcon;
				ASSETCATALOG_COMPILER_GLOBAL_ACCENT_COLOR_NAME = AccentColor;
				CODE_SIGN_STYLE = Automatic;
				CURRENT_PROJECT_VERSION = 1;
				DEVELOPMENT_TEAM = BJ3HFBW42L;
				GENERATE_INFOPLIST_FILE = YES;
				INFOPLIST_FILE = STAccessoryManager_Example/Info.plist;
				INFOPLIST_KEY_NSPhotoLibraryAddUsageDescription = "需要访问相册";
				INFOPLIST_KEY_UIApplicationSupportsIndirectInputEvents = YES;
				INFOPLIST_KEY_UILaunchStoryboardName = LaunchScreen;
				INFOPLIST_KEY_UIMainStoryboardFile = Main;
				INFOPLIST_KEY_UISupportedInterfaceOrientations_iPad = "UIInterfaceOrientationPortrait UIInterfaceOrientationPortraitUpsideDown UIInterfaceOrientationLandscapeLeft UIInterfaceOrientationLandscapeRight";
				INFOPLIST_KEY_UISupportedInterfaceOrientations_iPhone = "UIInterfaceOrientationPortrait UIInterfaceOrientationLandscapeLeft UIInterfaceOrientationLandscapeRight";
				INFOPLIST_KEY_UIUserInterfaceStyle = Light;
				LD_RUNPATH_SEARCH_PATHS = (
					"$(inherited)",
					"@executable_path/Frameworks",
				);
				MARKETING_VERSION = 1.0;
				PRODUCT_BUNDLE_IDENTIFIER = "yk.STAccessoryManager-Example.st";
				PRODUCT_NAME = "$(TARGET_NAME)";
				SWIFT_EMIT_LOC_STRINGS = YES;
				SWIFT_VERSION = 5.0;
				TARGETED_DEVICE_FAMILY = "1,2";
			};
			name = Release;
		};
/* End XCBuildConfiguration section */

/* Begin XCConfigurationList section */
		FDDD855D299DED6500EAB62E /* Build configuration list for PBXProject "STAccessoryManager_Example" */ = {
			isa = XCConfigurationList;
			buildConfigurations = (
				FDDD8574299DED6600EAB62E /* Debug */,
				FDDD8575299DED6600EAB62E /* Release */,
			);
			defaultConfigurationIsVisible = 0;
			defaultConfigurationName = Release;
		};
		FDDD8576299DED6600EAB62E /* Build configuration list for PBXNativeTarget "STAccessoryManager_Example" */ = {
			isa = XCConfigurationList;
			buildConfigurations = (
				FDDD8577299DED6600EAB62E /* Debug */,
				FDDD8578299DED6600EAB62E /* Release */,
			);
			defaultConfigurationIsVisible = 0;
			defaultConfigurationName = Release;
		};
/* End XCConfigurationList section */
	};
	rootObject = FDDD855A299DED6500EAB62E /* Project object */;
}
